
Microsoft Visual Studio Solution File, Format Version 12.00
# Visual Studio Version 16
VisualStudioVersion = 16.0.31019.35
MinimumVisualStudioVersion = 10.0.40219.1
Project("{9A19103F-16F7-4668-BE54-9A1E7A4F7556}") = "Situ", "Situ\Situ.csproj", "{69EFF6A8-F731-4AD4-B702-2DAB89F73EB9}"
EndProject
Global
	GlobalSection(SolutionConfigurationPlatforms) = preSolution
		Debug|Any CPU = Debug|Any CPU
		Release|Any CPU = Release|Any CPU
	EndGlobalSection
	GlobalSection(ProjectConfigurationPlatforms) = postSolution
		{69EFF6A8-F731-4AD4-B702-2DAB89F73EB9}.Debug|Any CPU.ActiveCfg = Debug|Any CPU
		{69EFF6A8-F731-4AD4-B702-2DAB89F73EB9}.Debug|Any CPU.Build.0 = Debug|Any CPU
		{69EFF6A8-F731-4AD4-B702-2DAB89F73EB9}.Release|Any CPU.ActiveCfg = Release|Any CPU
		{69EFF6A8-F731-4AD4-B702-2DAB89F73EB9}.Release|Any CPU.Build.0 = Release|Any CPU
	EndGlobalSection
	GlobalSection(SolutionProperties) = preSolution
		HideSolutionNode = FALSE
	EndGlobalSection
	GlobalSection(ExtensibilityGlobals) = postSolution
		SolutionGuid = {AF6974C1-8A51-4A46-818C-9E519F4B9F39}
	EndGlobalSection
EndGlobal
